
Microsoft Visual Studio Solution File, Format Version 12.00
# Visual Studio Version 17
VisualStudioVersion = 17.14.36401.2 d17.14
MinimumVisualStudioVersion = 10.0.40219.1
Project("{FAE04EC0-301F-11D3-BF4B-00C04F79EFBC}") = "calc_extension_method", "calc_extension_method.csproj", "{178EC2D5-EB18-4EF0-BBF9-7294F46CF635}"
EndProject
Global
	GlobalSection(SolutionConfigurationPlatforms) = preSolution
		Debug|Any CPU = Debug|Any CPU
		Release|Any CPU = Release|Any CPU
	EndGlobalSection
	GlobalSection(ProjectConfigurationPlatforms) = postSolution
		{178EC2D5-EB18-4EF0-BBF9-7294F46CF635}.Debug|Any CPU.ActiveCfg = Debug|Any CPU
		{178EC2D5-EB18-4EF0-BBF9-7294F46CF635}.Debug|Any CPU.Build.0 = Debug|Any CPU
		{178EC2D5-EB18-4EF0-BBF9-7294F46CF635}.Release|Any CPU.ActiveCfg = Release|Any CPU
		{178EC2D5-EB18-4EF0-BBF9-7294F46CF635}.Release|Any CPU.Build.0 = Release|Any CPU
	EndGlobalSection
	GlobalSection(SolutionProperties) = preSolution
		HideSolutionNode = FALSE
	EndGlobalSection
	GlobalSection(ExtensibilityGlobals) = postSolution
		SolutionGuid = {C32AC5C1-F664-464F-A43E-5668C6F533BB}
	EndGlobalSection
EndGlobal
