
Microsoft Visual Studio Solution File, Format Version 12.00
# Visual Studio Version 17
VisualStudioVersion = 17.14.36401.2 d17.14
MinimumVisualStudioVersion = 10.0.40219.1
Project("{FAE04EC0-301F-11D3-BF4B-00C04F79EFBC}") = "Code-First-Task-NewsPortal", "Code-First-Task-NewsPortal.csproj", "{338A4BFB-CABC-4CCA-A7BC-7044C48B8475}"
EndProject
Global
	GlobalSection(SolutionConfigurationPlatforms) = preSolution
		Debug|Any CPU = Debug|Any CPU
		Release|Any CPU = Release|Any CPU
	EndGlobalSection
	GlobalSection(ProjectConfigurationPlatforms) = postSolution
		{338A4BFB-CABC-4CCA-A7BC-7044C48B8475}.Debug|Any CPU.ActiveCfg = Debug|Any CPU
		{338A4BFB-CABC-4CCA-A7BC-7044C48B8475}.Debug|Any CPU.Build.0 = Debug|Any CPU
		{338A4BFB-CABC-4CCA-A7BC-7044C48B8475}.Release|Any CPU.ActiveCfg = Release|Any CPU
		{338A4BFB-CABC-4CCA-A7BC-7044C48B8475}.Release|Any CPU.Build.0 = Release|Any CPU
	EndGlobalSection
	GlobalSection(SolutionProperties) = preSolution
		HideSolutionNode = FALSE
	EndGlobalSection
	GlobalSection(ExtensibilityGlobals) = postSolution
		SolutionGuid = {843BD56F-36B2-43C6-9A3A-C8D4D7A072BE}
	EndGlobalSection
EndGlobal
